// !$*UTF8*$!
{
	archiveVersion = 1;
	classes = {
	};
	objectVersion = 50;
	objects = {

/* Begin PBXBuildFile section */
		609776F7259AF1C4000A31EF /* AppDelegate.swift in Sources */ = {isa = PBXBuildFile; fileRef = 609776F6259AF1C4000A31EF /* AppDelegate.swift */; };
		609776F9259AF1C4000A31EF /* GameScene.sks in Resources */ = {isa = PBXBuildFile; fileRef = 609776F8259AF1C4000A31EF /* GameScene.sks */; };
		609776FD259AF1C4000A31EF /* GameScene.swift in Sources */ = {isa = PBXBuildFile; fileRef = 609776FC259AF1C4000A31EF /* GameScene.swift */; };
		609776FF259AF1C4000A31EF /* GameViewController.swift in Sources */ = {isa = PBXBuildFile; fileRef = 609776FE259AF1C4000A31EF /* GameViewController.swift */; };
		60977702259AF1C4000A31EF /* Main.storyboard in Resources */ = {isa = PBXBuildFile; fileRef = 60977700259AF1C4000A31EF /* Main.storyboard */; };
		60977704259AF1C7000A31EF /* Assets.xcassets in Resources */ = {isa = PBXBuildFile; fileRef = 60977703259AF1C7000A31EF /* Assets.xcassets */; };
		6097770F259AF1C7000A31EF /* FlappyBirdTests.swift in Sources */ = {isa = PBXBuildFile; fileRef = 6097770E259AF1C7000A31EF /* FlappyBirdTests.swift */; };
		6097771A259AF1C7000A31EF /* FlappyBirdUITests.swift in Sources */ = {isa = PBXBuildFile; fileRef = 60977719259AF1C7000A31EF /* FlappyBirdUITests.swift */; };
		60BD8540259AF71F00B1734D /* PlayerExplosion.sks in Resources */ = {isa = PBXBuildFile; fileRef = 60BD853B259AF71F00B1734D /* PlayerExplosion.sks */; };
		60BD8541259AF71F00B1734D /* coin.wav in Resources */ = {isa = PBXBuildFile; fileRef = 60BD853C259AF71F00B1734D /* coin.wav */; };
		60BD8542259AF71F00B1734D /* explosion.wav in Resources */ = {isa = PBXBuildFile; fileRef = 60BD853D259AF71F00B1734D /* explosion.wav */; };
		60BD8543259AF71F00B1734D /* music.m4a in Resources */ = {isa = PBXBuildFile; fileRef = 60BD853E259AF71F00B1734D /* music.m4a */; };
		60BD8544259AF71F00B1734D /* spark.png in Resources */ = {isa = PBXBuildFile; fileRef = 60BD853F259AF71F00B1734D /* spark.png */; };
/* End PBXBuildFile section */

/* Begin PBXContainerItemProxy section */
		6097770B259AF1C7000A31EF /* PBXContainerItemProxy */ = {
			isa = PBXContainerItemProxy;
			containerPortal = 609776EB259AF1C4000A31EF /* Project object */;
			proxyType = 1;
			remoteGlobalIDString = 609776F2259AF1C4000A31EF;
			remoteInfo = FlappyBird;
		};
		60977716259AF1C7000A31EF /* PBXContainerItemProxy */ = {
			isa = PBXContainerItemProxy;
			containerPortal = 609776EB259AF1C4000A31EF /* Project object */;
			proxyType = 1;
			remoteGlobalIDString = 609776F2259AF1C4000A31EF;
			remoteInfo = FlappyBird;
		};
/* End PBXContainerItemProxy section */

/* Begin PBXFileReference section */
		609776F3259AF1C4000A31EF /* FlappyBird.app */ = {isa = PBXFileReference; explicitFileType = wrapper.application; includeInIndex = 0; path = FlappyBird.app; sourceTree = BUILT_PRODUCTS_DIR; };
		609776F6259AF1C4000A31EF /* AppDelegate.swift */ = {isa = PBXFileReference; lastKnownFileType = sourcecode.swift; path = AppDelegate.swift; sourceTree = "<group>"; };
		609776F8259AF1C4000A31EF /* GameScene.sks */ = {isa = PBXFileReference; lastKnownFileType = file.sks; path = GameScene.sks; sourceTree = "<group>"; };
		609776FC259AF1C4000A31EF /* GameScene.swift */ = {isa = PBXFileReference; lastKnownFileType = sourcecode.swift; path = GameScene.swift; sourceTree = "<group>"; };
		609776FE259AF1C4000A31EF /* GameViewController.swift */ = {isa = PBXFileReference; lastKnownFileType = sourcecode.swift; path = GameViewController.swift; sourceTree = "<group>"; };
		60977701259AF1C4000A31EF /* Base */ = {isa = PBXFileReference; lastKnownFileType = file.storyboard; name = Base; path = Base.lproj/Main.storyboard; sourceTree = "<group>"; };
		60977703259AF1C7000A31EF /* Assets.xcassets */ = {isa = PBXFileReference; lastKnownFileType = folder.assetcatalog; path = Assets.xcassets; sourceTree = "<group>"; };
		60977705259AF1C7000A31EF /* Info.plist */ = {isa = PBXFileReference; lastKnownFileType = text.plist.xml; path = Info.plist; sourceTree = "<group>"; };
		6097770A259AF1C7000A31EF /* FlappyBirdTests.xctest */ = {isa = PBXFileReference; explicitFileType = wrapper.cfbundle; includeInIndex = 0; path = FlappyBirdTests.xctest; sourceTree = BUILT_PRODUCTS_DIR; };
		6097770E259AF1C7000A31EF /* FlappyBirdTests.swift */ = {isa = PBXFileReference; lastKnownFileType = sourcecode.swift; path = FlappyBirdTests.swift; sourceTree = "<group>"; };
		60977710259AF1C7000A31EF /* Info.plist */ = {isa = PBXFileReference; lastKnownFileType = text.plist.xml; path = Info.plist; sourceTree = "<group>"; };
		60977715259AF1C7000A31EF /* FlappyBirdUITests.xctest */ = {isa = PBXFileReference; explicitFileType = wrapper.cfbundle; includeInIndex = 0; path = FlappyBirdUITests.xctest; sourceTree = BUILT_PRODUCTS_DIR; };
		60977719259AF1C7000A31EF /* FlappyBirdUITests.swift */ = {isa = PBXFileReference; lastKnownFileType = sourcecode.swift; path = FlappyBirdUITests.swift; sourceTree = "<group>"; };
		6097771B259AF1C7000A31EF /* Info.plist */ = {isa = PBXFileReference; lastKnownFileType = text.plist.xml; path = Info.plist; sourceTree = "<group>"; };
		60BD853B259AF71F00B1734D /* PlayerExplosion.sks */ = {isa = PBXFileReference; lastKnownFileType = file.sks; path = PlayerExplosion.sks; sourceTree = "<group>"; };
		60BD853C259AF71F00B1734D /* coin.wav */ = {isa = PBXFileReference; lastKnownFileType = audio.wav; path = coin.wav; sourceTree = "<group>"; };
		60BD853D259AF71F00B1734D /* explosion.wav */ = {isa = PBXFileReference; lastKnownFileType = audio.wav; path = explosion.wav; sourceTree = "<group>"; };
		60BD853E259AF71F00B1734D /* music.m4a */ = {isa = PBXFileReference; lastKnownFileType = file; path = music.m4a; sourceTree = "<group>"; };
		60BD853F259AF71F00B1734D /* spark.png */ = {isa = PBXFileReference; lastKnownFileType = image.png; path = spark.png; sourceTree = "<group>"; };
/* End PBXFileReference section */

/* Begin PBXFrameworksBuildPhase section */
		609776F0259AF1C4000A31EF /* Frameworks */ = {
			isa = PBXFrameworksBuildPhase;
			buildActionMask = 2147483647;
			files = (
			);
			runOnlyForDeploymentPostprocessing = 0;
		};
		60977707259AF1C7000A31EF /* Frameworks */ = {
			isa = PBXFrameworksBuildPhase;
			buildActionMask = 2147483647;
			files = (
			);
			runOnlyForDeploymentPostprocessing = 0;
		};
		60977712259AF1C7000A31EF /* Frameworks */ = {
			isa = PBXFrameworksBuildPhase;
			buildActionMask = 2147483647;
			files = (
			);
			runOnlyForDeploymentPostprocessing = 0;
		};
/* End PBXFrameworksBuildPhase section */

/* Begin PBXGroup section */
		609776EA259AF1C4000A31EF = {
			isa = PBXGroup;
			children = (
				609776F5259AF1C4000A31EF /* FlappyBird */,
				6097770D259AF1C7000A31EF /* FlappyBirdTests */,
				60977718259AF1C7000A31EF /* FlappyBirdUITests */,
				609776F4259AF1C4000A31EF /* Products */,
			);
			sourceTree = "<group>";
		};
		609776F4259AF1C4000A31EF /* Products */ = {
			isa = PBXGroup;
			children = (
				609776F3259AF1C4000A31EF /* FlappyBird.app */,
				6097770A259AF1C7000A31EF /* FlappyBirdTests.xctest */,
				60977715259AF1C7000A31EF /* FlappyBirdUITests.xctest */,
			);
			name = Products;
			sourceTree = "<group>";
		};
		609776F5259AF1C4000A31EF /* FlappyBird */ = {
			isa = PBXGroup;
			children = (
				60BD853A259AF6F700B1734D /* Content */,
				609776F6259AF1C4000A31EF /* AppDelegate.swift */,
				609776F8259AF1C4000A31EF /* GameScene.sks */,
				609776FC259AF1C4000A31EF /* GameScene.swift */,
				609776FE259AF1C4000A31EF /* GameViewController.swift */,
				60977700259AF1C4000A31EF /* Main.storyboard */,
				60977703259AF1C7000A31EF /* Assets.xcassets */,
				60977705259AF1C7000A31EF /* Info.plist */,
			);
			path = FlappyBird;
			sourceTree = "<group>";
		};
		6097770D259AF1C7000A31EF /* FlappyBirdTests */ = {
			isa = PBXGroup;
			children = (
				6097770E259AF1C7000A31EF /* FlappyBirdTests.swift */,
				60977710259AF1C7000A31EF /* Info.plist */,
			);
			path = FlappyBirdTests;
			sourceTree = "<group>";
		};
		60977718259AF1C7000A31EF /* FlappyBirdUITests */ = {
			isa = PBXGroup;
			children = (
				60977719259AF1C7000A31EF /* FlappyBirdUITests.swift */,
				6097771B259AF1C7000A31EF /* Info.plist */,
			);
			path = FlappyBirdUITests;
			sourceTree = "<group>";
		};
		60BD853A259AF6F700B1734D /* Content */ = {
			isa = PBXGroup;
			children = (
				60BD853C259AF71F00B1734D /* coin.wav */,
				60BD853D259AF71F00B1734D /* explosion.wav */,
				60BD853E259AF71F00B1734D /* music.m4a */,
				60BD853B259AF71F00B1734D /* PlayerExplosion.sks */,
				60BD853F259AF71F00B1734D /* spark.png */,
			);
			path = Content;
			sourceTree = "<group>";
		};
/* End PBXGroup section */

/* Begin PBXNativeTarget section */
		609776F2259AF1C4000A31EF /* FlappyBird */ = {
			isa = PBXNativeTarget;
			buildConfigurationList = 6097771E259AF1C7000A31EF /* Build configuration list for PBXNativeTarget "FlappyBird" */;
			buildPhases = (
				609776EF259AF1C4000A31EF /* Sources */,
				609776F0259AF1C4000A31EF /* Frameworks */,
				609776F1259AF1C4000A31EF /* Resources */,
			);
			buildRules = (
			);
			dependencies = (
			);
			name = FlappyBird;
			productName = FlappyBird;
			productReference = 609776F3259AF1C4000A31EF /* FlappyBird.app */;
			productType = "com.apple.product-type.application";
		};
		60977709259AF1C7000A31EF /* FlappyBirdTests */ = {
			isa = PBXNativeTarget;
			buildConfigurationList = 60977721259AF1C7000A31EF /* Build configuration list for PBXNativeTarget "FlappyBirdTests" */;
			buildPhases = (
				60977706259AF1C7000A31EF /* Sources */,
				60977707259AF1C7000A31EF /* Frameworks */,
				60977708259AF1C7000A31EF /* Resources */,
			);
			buildRules = (
			);
			dependencies = (
				6097770C259AF1C7000A31EF /* PBXTargetDependency */,
			);
			name = FlappyBirdTests;
			productName = FlappyBirdTests;
			productReference = 6097770A259AF1C7000A31EF /* FlappyBirdTests.xctest */;
			productType = "com.apple.product-type.bundle.unit-test";
		};
		60977714259AF1C7000A31EF /* FlappyBirdUITests */ = {
			isa = PBXNativeTarget;
			buildConfigurationList = 60977724259AF1C7000A31EF /* Build configuration list for PBXNativeTarget "FlappyBirdUITests" */;
			buildPhases = (
				60977711259AF1C7000A31EF /* Sources */,
				60977712259AF1C7000A31EF /* Frameworks */,
				60977713259AF1C7000A31EF /* Resources */,
			);
			buildRules = (
			);
			dependencies = (
				60977717259AF1C7000A31EF /* PBXTargetDependency */,
			);
			name = FlappyBirdUITests;
			productName = FlappyBirdUITests;
			productReference = 60977715259AF1C7000A31EF /* FlappyBirdUITests.xctest */;
			productType = "com.apple.product-type.bundle.ui-testing";
		};
/* End PBXNativeTarget section */

/* Begin PBXProject section */
		609776EB259AF1C4000A31EF /* Project object */ = {
			isa = PBXProject;
			attributes = {
				LastSwiftUpdateCheck = 1230;
				LastUpgradeCheck = 1230;
				TargetAttributes = {
					609776F2259AF1C4000A31EF = {
						CreatedOnToolsVersion = 12.3;
					};
					60977709259AF1C7000A31EF = {
						CreatedOnToolsVersion = 12.3;
						TestTargetID = 609776F2259AF1C4000A31EF;
					};
					60977714259AF1C7000A31EF = {
						CreatedOnToolsVersion = 12.3;
						TestTargetID = 609776F2259AF1C4000A31EF;
					};
				};
			};
			buildConfigurationList = 609776EE259AF1C4000A31EF /* Build configuration list for PBXProject "FlappyBird" */;
			compatibilityVersion = "Xcode 9.3";
			developmentRegion = en;
			hasScannedForEncodings = 0;
			knownRegions = (
				en,
				Base,
			);
			mainGroup = 609776EA259AF1C4000A31EF;
			productRefGroup = 609776F4259AF1C4000A31EF /* Products */;
			projectDirPath = "";
			projectRoot = "";
			targets = (
				609776F2259AF1C4000A31EF /* FlappyBird */,
				60977709259AF1C7000A31EF /* FlappyBirdTests */,
				60977714259AF1C7000A31EF /* FlappyBirdUITests */,
			);
		};
/* End PBXProject section */

/* Begin PBXResourcesBuildPhase section */
		609776F1259AF1C4000A31EF /* Resources */ = {
			isa = PBXResourcesBuildPhase;
			buildActionMask = 2147483647;
			files = (
				60BD8542259AF71F00B1734D /* explosion.wav in Resources */,
				60BD8543259AF71F00B1734D /* music.m4a in Resources */,
				60BD8541259AF71F00B1734D /* coin.wav in Resources */,
				60BD8540259AF71F00B1734D /* PlayerExplosion.sks in Resources */,
				60977702259AF1C4000A31EF /* Main.storyboard in Resources */,
				60BD8544259AF71F00B1734D /* spark.png in Resources */,
				609776F9259AF1C4000A31EF /* GameScene.sks in Resources */,
				60977704259AF1C7000A31EF /* Assets.xcassets in Resources */,
			);
			runOnlyForDeploymentPostprocessing = 0;
		};
		60977708259AF1C7000A31EF /* Resources */ = {
			isa = PBXResourcesBuildPhase;
			buildActionMask = 2147483647;
			files = (
			);
			runOnlyForDeploymentPostprocessing = 0;
		};
		60977713259AF1C7000A31EF /* Resources */ = {
			isa = PBXResourcesBuildPhase;
			buildActionMask = 2147483647;
			files = (
			);
			runOnlyForDeploymentPostprocessing = 0;
		};
/* End PBXResourcesBuildPhase section */

/* Begin PBXSourcesBuildPhase section */
		609776EF259AF1C4000A31EF /* Sources */ = {
			isa = PBXSourcesBuildPhase;
			buildActionMask = 2147483647;
			files = (
				609776FD259AF1C4000A31EF /* GameScene.swift in Sources */,
				609776FF259AF1C4000A31EF /* GameViewController.swift in Sources */,
				609776F7259AF1C4000A31EF /* AppDelegate.swift in Sources */,
			);
			runOnlyForDeploymentPostprocessing = 0;
		};
		60977706259AF1C7000A31EF /* Sources */ = {
			isa = PBXSourcesBuildPhase;
			buildActionMask = 2147483647;
			files = (
				6097770F259AF1C7000A31EF /* FlappyBirdTests.swift in Sources */,
			);
			runOnlyForDeploymentPostprocessing = 0;
		};
		60977711259AF1C7000A31EF /* Sources */ = {
			isa = PBXSourcesBuildPhase;
			buildActionMask = 2147483647;
			files = (
				6097771A259AF1C7000A31EF /* FlappyBirdUITests.swift in Sources */,
			);
			runOnlyForDeploymentPostprocessing = 0;
		};
/* End PBXSourcesBuildPhase section */

/* Begin PBXTargetDependency section */
		6097770C259AF1C7000A31EF /* PBXTargetDependency */ = {
			isa = PBXTargetDependency;
			target = 609776F2259AF1C4000A31EF /* FlappyBird */;
			targetProxy = 6097770B259AF1C7000A31EF /* PBXContainerItemProxy */;
		};
		60977717259AF1C7000A31EF /* PBXTargetDependency */ = {
			isa = PBXTargetDependency;
			target = 609776F2259AF1C4000A31EF /* FlappyBird */;
			targetProxy = 60977716259AF1C7000A31EF /* PBXContainerItemProxy */;
		};
/* End PBXTargetDependency section */

/* Begin PBXVariantGroup section */
		60977700259AF1C4000A31EF /* Main.storyboard */ = {
			isa = PBXVariantGroup;
			children = (
				60977701259AF1C4000A31EF /* Base */,
			);
			name = Main.storyboard;
			sourceTree = "<group>";
		};
/* End PBXVariantGroup section */

/* Begin XCBuildConfiguration section */
		6097771C259AF1C7000A31EF /* Debug */ = {
			isa = XCBuildConfiguration;
			buildSettings = {
				ALWAYS_SEARCH_USER_PATHS = NO;
				CLANG_ANALYZER_NONNULL = YES;
				CLANG_ANALYZER_NUMBER_OBJECT_CONVERSION = YES_AGGRESSIVE;
				CLANG_CXX_LANGUAGE_STANDARD = "gnu++14";
				CLANG_CXX_LIBRARY = "libc++";
				CLANG_ENABLE_MODULES = YES;
				CLANG_ENABLE_OBJC_ARC = YES;
				CLANG_ENABLE_OBJC_WEAK = YES;
				CLANG_WARN_BLOCK_CAPTURE_AUTORELEASING = YES;
				CLANG_WARN_BOOL_CONVERSION = YES;
				CLANG_WARN_COMMA = YES;
				CLANG_WARN_CONSTANT_CONVERSION = YES;
				CLANG_WARN_DEPRECATED_OBJC_IMPLEMENTATIONS = YES;
				CLANG_WARN_DIRECT_OBJC_ISA_USAGE = YES_ERROR;
				CLANG_WARN_DOCUMENTATION_COMMENTS = YES;
				CLANG_WARN_EMPTY_BODY = YES;
				CLANG_WARN_ENUM_CONVERSION = YES;
				CLANG_WARN_INFINITE_RECURSION = YES;
				CLANG_WARN_INT_CONVERSION = YES;
				CLANG_WARN_NON_LITERAL_NULL_CONVERSION = YES;
				CLANG_WARN_OBJC_IMPLICIT_RETAIN_SELF = YES;
				CLANG_WARN_OBJC_LITERAL_CONVERSION = YES;
				CLANG_WARN_OBJC_ROOT_CLASS = YES_ERROR;
				CLANG_WARN_QUOTED_INCLUDE_IN_FRAMEWORK_HEADER = YES;
				CLANG_WARN_RANGE_LOOP_ANALYSIS = YES;
				CLANG_WARN_STRICT_PROTOTYPES = YES;
				CLANG_WARN_SUSPICIOUS_MOVE = YES;
				CLANG_WARN_UNGUARDED_AVAILABILITY = YES_AGGRESSIVE;
				CLANG_WARN_UNREACHABLE_CODE = YES;
				CLANG_WARN__DUPLICATE_METHOD_MATCH = YES;
				COPY_PHASE_STRIP = NO;
				DEBUG_INFORMATION_FORMAT = dwarf;
				ENABLE_STRICT_OBJC_MSGSEND = YES;
				ENABLE_TESTABILITY = YES;
				GCC_C_LANGUAGE_STANDARD = gnu11;
				GCC_DYNAMIC_NO_PIC = NO;
				GCC_NO_COMMON_BLOCKS = YES;
				GCC_OPTIMIZATION_LEVEL = 0;
				GCC_PREPROCESSOR_DEFINITIONS = (
					"DEBUG=1",
					"$(inherited)",
				);
				GCC_WARN_64_TO_32_BIT_CONVERSION = YES;
				GCC_WARN_ABOUT_RETURN_TYPE = YES_ERROR;
				GCC_WARN_UNDECLARED_SELECTOR = YES;
				GCC_WARN_UNINITIALIZED_AUTOS = YES_AGGRESSIVE;
				GCC_WARN_UNUSED_FUNCTION = YES;
				GCC_WARN_UNUSED_VARIABLE = YES;
				IPHONEOS_DEPLOYMENT_TARGET = 14.3;
				MTL_ENABLE_DEBUG_INFO = INCLUDE_SOURCE;
				MTL_FAST_MATH = YES;
				ONLY_ACTIVE_ARCH = YES;
				SDKROOT = iphoneos;
				SWIFT_ACTIVE_COMPILATION_CONDITIONS = DEBUG;
				SWIFT_OPTIMIZATION_LEVEL = "-Onone";
			};
			name = Debug;
		};
		6097771D259AF1C7000A31EF /* Release */ = {
			isa = XCBuildConfiguration;
			buildSettings = {
				ALWAYS_SEARCH_USER_PATHS = NO;
				CLANG_ANALYZER_NONNULL = YES;
				CLANG_ANALYZER_NUMBER_OBJECT_CONVERSION = YES_AGGRESSIVE;
				CLANG_CXX_LANGUAGE_STANDARD = "gnu++14";
				CLANG_CXX_LIBRARY = "libc++";
				CLANG_ENABLE_MODULES = YES;
				CLANG_ENABLE_OBJC_ARC = YES;
				CLANG_ENABLE_OBJC_WEAK = YES;
				CLANG_WARN_BLOCK_CAPTURE_AUTORELEASING = YES;
				CLANG_WARN_BOOL_CONVERSION = YES;
				CLANG_WARN_COMMA = YES;
				CLANG_WARN_CONSTANT_CONVERSION = YES;
				CLANG_WARN_DEPRECATED_OBJC_IMPLEMENTATIONS = YES;
				CLANG_WARN_DIRECT_OBJC_ISA_USAGE = YES_ERROR;
				CLANG_WARN_DOCUMENTATION_COMMENTS = YES;
				CLANG_WARN_EMPTY_BODY = YES;
				CLANG_WARN_ENUM_CONVERSION = YES;
				CLANG_WARN_INFINITE_RECURSION = YES;
				CLANG_WARN_INT_CONVERSION = YES;
				CLANG_WARN_NON_LITERAL_NULL_CONVERSION = YES;
				CLANG_WARN_OBJC_IMPLICIT_RETAIN_SELF = YES;
				CLANG_WARN_OBJC_LITERAL_CONVERSION = YES;
				CLANG_WARN_OBJC_ROOT_CLASS = YES_ERROR;
				CLANG_WARN_QUOTED_INCLUDE_IN_FRAMEWORK_HEADER = YES;
				CLANG_WARN_RANGE_LOOP_ANALYSIS = YES;
				CLANG_WARN_STRICT_PROTOTYPES = YES;
				CLANG_WARN_SUSPICIOUS_MOVE = YES;
				CLANG_WARN_UNGUARDED_AVAILABILITY = YES_AGGRESSIVE;
				CLANG_WARN_UNREACHABLE_CODE = YES;
				CLANG_WARN__DUPLICATE_METHOD_MATCH = YES;
				COPY_PHASE_STRIP = NO;
				DEBUG_INFORMATION_FORMAT = "dwarf-with-dsym";
				ENABLE_NS_ASSERTIONS = NO;
				ENABLE_STRICT_OBJC_MSGSEND = YES;
				GCC_C_LANGUAGE_STANDARD = gnu11;
				GCC_NO_COMMON_BLOCKS = YES;
				GCC_WARN_64_TO_32_BIT_CONVERSION = YES;
				GCC_WARN_ABOUT_RETURN_TYPE = YES_ERROR;
				GCC_WARN_UNDECLARED_SELECTOR = YES;
				GCC_WARN_UNINITIALIZED_AUTOS = YES_AGGRESSIVE;
				GCC_WARN_UNUSED_FUNCTION = YES;
				GCC_WARN_UNUSED_VARIABLE = YES;
				IPHONEOS_DEPLOYMENT_TARGET = 14.3;
				MTL_ENABLE_DEBUG_INFO = NO;
				MTL_FAST_MATH = YES;
				SDKROOT = iphoneos;
				SWIFT_COMPILATION_MODE = wholemodule;
				SWIFT_OPTIMIZATION_LEVEL = "-O";
				VALIDATE_PRODUCT = YES;
			};
			name = Release;
		};
		6097771F259AF1C7000A31EF /* Debug */ = {
			isa = XCBuildConfiguration;
			buildSettings = {
				ASSETCATALOG_COMPILER_APPICON_NAME = AppIcon;
				ASSETCATALOG_COMPILER_GLOBAL_ACCENT_COLOR_NAME = AccentColor;
				CODE_SIGN_STYLE = Automatic;
				DEVELOPMENT_TEAM = QX7P82U6RV;
				INFOPLIST_FILE = FlappyBird/Info.plist;
				IPHONEOS_DEPLOYMENT_TARGET = 14.0;
				LD_RUNPATH_SEARCH_PATHS = (
					"$(inherited)",
					"@executable_path/Frameworks",
				);
				PRODUCT_BUNDLE_IDENTIFIER = com.deveshshetty.FlappyBird;
				PRODUCT_NAME = "$(TARGET_NAME)";
				SWIFT_VERSION = 5.0;
				TARGETED_DEVICE_FAMILY = 1;
			};
			name = Debug;
		};
		60977720259AF1C7000A31EF /* Release */ = {
			isa = XCBuildConfiguration;
			buildSettings = {
				ASSETCATALOG_COMPILER_APPICON_NAME = AppIcon;
				ASSETCATALOG_COMPILER_GLOBAL_ACCENT_COLOR_NAME = AccentColor;
				CODE_SIGN_STYLE = Automatic;
				DEVELOPMENT_TEAM = QX7P82U6RV;
				INFOPLIST_FILE = FlappyBird/Info.plist;
				IPHONEOS_DEPLOYMENT_TARGET = 14.0;
				LD_RUNPATH_SEARCH_PATHS = (
					"$(inherited)",
					"@executable_path/Frameworks",
				);
				PRODUCT_BUNDLE_IDENTIFIER = com.deveshshetty.FlappyBird;
				PRODUCT_NAME = "$(TARGET_NAME)";
				SWIFT_VERSION = 5.0;
				TARGETED_DEVICE_FAMILY = 1;
			};
			name = Release;
		};
		60977722259AF1C7000A31EF /* Debug */ = {
			isa = XCBuildConfiguration;
			buildSettings = {
				ALWAYS_EMBED_SWIFT_STANDARD_LIBRARIES = YES;
				BUNDLE_LOADER = "$(TEST_HOST)";
				CODE_SIGN_STYLE = Automatic;
				DEVELOPMENT_TEAM = QX7P82U6RV;
				INFOPLIST_FILE = FlappyBirdTests/Info.plist;
				IPHONEOS_DEPLOYMENT_TARGET = 14.3;
				LD_RUNPATH_SEARCH_PATHS = (
					"$(inherited)",
					"@executable_path/Frameworks",
					"@loader_path/Frameworks",
				);
				PRODUCT_BUNDLE_IDENTIFIER = com.deveshshetty.FlappyBirdTests;
				PRODUCT_NAME = "$(TARGET_NAME)";
				SWIFT_VERSION = 5.0;
				TARGETED_DEVICE_FAMILY = "1,2";
				TEST_HOST = "$(BUILT_PRODUCTS_DIR)/FlappyBird.app/FlappyBird";
			};
			name = Debug;
		};
		60977723259AF1C7000A31EF /* Release */ = {
			isa = XCBuildConfiguration;
			buildSettings = {
				ALWAYS_EMBED_SWIFT_STANDARD_LIBRARIES = YES;
				BUNDLE_LOADER = "$(TEST_HOST)";
				CODE_SIGN_STYLE = Automatic;
				DEVELOPMENT_TEAM = QX7P82U6RV;
				INFOPLIST_FILE = FlappyBirdTests/Info.plist;
				IPHONEOS_DEPLOYMENT_TARGET = 14.3;
				LD_RUNPATH_SEARCH_PATHS = (
					"$(inherited)",
					"@executable_path/Frameworks",
					"@loader_path/Frameworks",
				);
				PRODUCT_BUNDLE_IDENTIFIER = com.deveshshetty.FlappyBirdTests;
				PRODUCT_NAME = "$(TARGET_NAME)";
				SWIFT_VERSION = 5.0;
				TARGETED_DEVICE_FAMILY = "1,2";
				TEST_HOST = "$(BUILT_PRODUCTS_DIR)/FlappyBird.app/FlappyBird";
			};
			name = Release;
		};
		60977725259AF1C7000A31EF /* Debug */ = {
			isa = XCBuildConfiguration;
			buildSettings = {
				ALWAYS_EMBED_SWIFT_STANDARD_LIBRARIES = YES;
				CODE_SIGN_STYLE = Automatic;
				DEVELOPMENT_TEAM = QX7P82U6RV;
				INFOPLIST_FILE = FlappyBirdUITests/Info.plist;
				LD_RUNPATH_SEARCH_PATHS = (
					"$(inherited)",
					"@executable_path/Frameworks",
					"@loader_path/Frameworks",
				);
				PRODUCT_BUNDLE_IDENTIFIER = com.deveshshetty.FlappyBirdUITests;
				PRODUCT_NAME = "$(TARGET_NAME)";
				SWIFT_VERSION = 5.0;
				TARGETED_DEVICE_FAMILY = "1,2";
				TEST_TARGET_NAME = FlappyBird;
			};
			name = Debug;
		};
		60977726259AF1C7000A31EF /* Release */ = {
			isa = XCBuildConfiguration;
			buildSettings = {
				ALWAYS_EMBED_SWIFT_STANDARD_LIBRARIES = YES;
				CODE_SIGN_STYLE = Automatic;
				DEVELOPMENT_TEAM = QX7P82U6RV;
				INFOPLIST_FILE = FlappyBirdUITests/Info.plist;
				LD_RUNPATH_SEARCH_PATHS = (
					"$(inherited)",
					"@executable_path/Frameworks",
					"@loader_path/Frameworks",
				);
				PRODUCT_BUNDLE_IDENTIFIER = com.deveshshetty.FlappyBirdUITests;
				PRODUCT_NAME = "$(TARGET_NAME)";
				SWIFT_VERSION = 5.0;
				TARGETED_DEVICE_FAMILY = "1,2";
				TEST_TARGET_NAME = FlappyBird;
			};
			name = Release;
		};
/* End XCBuildConfiguration section */

/* Begin XCConfigurationList section */
		609776EE259AF1C4000A31EF /* Build configuration list for PBXProject "FlappyBird" */ = {
			isa = XCConfigurationList;
			buildConfigurations = (
				6097771C259AF1C7000A31EF /* Debug */,
				6097771D259AF1C7000A31EF /* Release */,
			);
			defaultConfigurationIsVisible = 0;
			defaultConfigurationName = Release;
		};
		6097771E259AF1C7000A31EF /* Build configuration list for PBXNativeTarget "FlappyBird" */ = {
			isa = XCConfigurationList;
			buildConfigurations = (
				6097771F259AF1C7000A31EF /* Debug */,
				60977720259AF1C7000A31EF /* Release */,
			);
			defaultConfigurationIsVisible = 0;
			defaultConfigurationName = Release;
		};
		60977721259AF1C7000A31EF /* Build configuration list for PBXNativeTarget "FlappyBirdTests" */ = {
			isa = XCConfigurationList;
			buildConfigurations = (
				60977722259AF1C7000A31EF /* Debug */,
				60977723259AF1C7000A31EF /* Release */,
			);
			defaultConfigurationIsVisible = 0;
			defaultConfigurationName = Release;
		};
		60977724259AF1C7000A31EF /* Build configuration list for PBXNativeTarget "FlappyBirdUITests" */ = {
			isa = XCConfigurationList;
			buildConfigurations = (
				60977725259AF1C7000A31EF /* Debug */,
				60977726259AF1C7000A31EF /* Release */,
			);
			defaultConfigurationIsVisible = 0;
			defaultConfigurationName = Release;
		};
/* End XCConfigurationList section */
	};
	rootObject = 609776EB259AF1C4000A31EF /* Project object */;
}
